{
    "_readme": [
        "This file locks the dependencies of your project to a known state",
        "Read more about it at https://getcomposer.org/doc/01-basic-usage.md#installing-dependencies",
        "This file is @generated automatically"
    ],
    "content-hash": "a8388c7824261b36a7c055ff43be82b4",
    "packages": [
        {
            "name": "composer/ca-bundle",
            "version": "1.2.10",
            "source": {
                "type": "git",
                "url": "https://github.com/composer/ca-bundle.git",
                "reference": "9fdb22c2e97a614657716178093cd1da90a64aa8"
            },
            "dist": {
                "type": "zip",
                "url": "https://api.github.com/repos/composer/ca-bundle/zipball/9fdb22c2e97a614657716178093cd1da90a64aa8",
                "reference": "9fdb22c2e97a614657716178093cd1da90a64aa8",
                "shasum": ""
            },
            "require": {
                "ext-openssl": "*",
                "ext-pcre": "*",
                "php": "^5.3.2 || ^7.0 || ^8.0"
            },
            "require-dev": {
                "phpstan/phpstan": "^0.12.55",
                "psr/log": "^1.0",
                "symfony/phpunit-bridge": "^4.2 || ^5",
                "symfony/process": "^2.5 || ^3.0 || ^4.0 || ^5.0"
            },
            "type": "library",
            "extra": {
                "branch-alias": {
                    "dev-main": "1.x-dev"
                }
            },
            "autoload": {
                "psr-4": {
                    "Composer\\CaBundle\\": "src"
                }
            },
            "notification-url": "https://packagist.org/downloads/",
            "license": [
                "MIT"
            ],
            "authors": [
                {
                    "name": "Jordi Boggiano",
                    "email": "j.boggiano@seld.be",
                    "homepage": "http://seld.be"
                }
            ],
            "description": "Lets you find a path to the system CA bundle, and includes a fallback to the Mozilla CA bundle.",
            "keywords": [
                "cabundle",
                "cacert",
                "certificate",
                "ssl",
                "tls"
            ],
            "funding": [
                {
                    "url": "https://packagist.com",
                    "type": "custom"
                },
                {
                    "url": "https://github.com/composer",
                    "type": "github"
                },
                {
                    "url": "https://tidelift.com/funding/github/packagist/composer/composer",
                    "type": "tidelift"
                }
            ],
            "time": "2021-06-07T13:58:28+00:00"
        },
        {
            "name": "ifsnop/mysqldump-php",
            "version": "v2.9",
            "source": {
                "type": "git",
                "url": "https://github.com/ifsnop/mysqldump-php.git",
                "reference": "fc9c119fe5d70af9a685cad6a8ac612fd7589e25"
            },
            "dist": {
                "type": "zip",
                "url": "https://api.github.com/repos/ifsnop/mysqldump-php/zipball/fc9c119fe5d70af9a685cad6a8ac612fd7589e25",
                "reference": "fc9c119fe5d70af9a685cad6a8ac612fd7589e25",
                "shasum": ""
            },
            "require": {
                "php": ">=5.3.0"
            },
            "require-dev": {
                "phpunit/phpunit": "4.8.36",
                "squizlabs/php_codesniffer": "1.*"
            },
            "type": "library",
            "autoload": {
                "psr-4": {
                    "Ifsnop\\": "src/Ifsnop/"
                }
            },
            "notification-url": "https://packagist.org/downloads/",
            "license": [
                "GPL-3.0-or-later"
            ],
            "authors": [
                {
                    "name": "Diego Torres",
                    "homepage": "https://github.com/ifsnop",
                    "role": "Developer"
                }
            ],
            "description": "PHP version of mysqldump cli that comes with MySQL",
            "homepage": "https://github.com/ifsnop/mysqldump-php",
            "keywords": [
                "PHP7",
                "database",
                "hhvm",
                "mariadb",
                "mysql",
                "mysql-backup",
                "mysqldump",
                "pdo",
                "php",
                "php5",
                "sql"
            ],
            "time": "2020-04-03T14:40:40+00:00"
        },
        {
            "name": "joomla/compat",
            "version": "1.2.0",
            "source": {
                "type": "git",
                "url": "https://github.com/joomla-framework/compat.git",
                "reference": "f23565fe0184517778996226eb4b2333deb369c4"
            },
            "dist": {
                "type": "zip",
                "url": "https://api.github.com/repos/joomla-framework/compat/zipball/f23565fe0184517778996226eb4b2333deb369c4",
                "reference": "f23565fe0184517778996226eb4b2333deb369c4",
                "shasum": ""
            },
            "require": {
                "php": ">=5.3.10"
            },
            "type": "joomla-package",
            "autoload": {
                "classmap": [
                    "src/JsonSerializable.php",
                    "src/CallbackFilterIterator.php"
                ]
            },
            "notification-url": "https://packagist.org/downloads/",
            "license": [
                "GPL-2.0+"
            ],
            "description": "Joomla Compat Package",
            "homepage": "https://github.com/joomla-framework/compat",
            "keywords": [
                "compat",
                "framework",
                "joomla"
            ],
            "time": "2015-02-24T00:21:06+00:00"
        },
        {
            "name": "joomla/database",
            "version": "1.8.0",
            "source": {
                "type": "git",
                "url": "https://github.com/joomla-framework/database.git",
                "reference": "26a7fcde7285b17647d4895c505ade3862c5e860"
            },
            "dist": {
                "type": "zip",
                "url": "https://api.github.com/repos/joomla-framework/database/zipball/26a7fcde7285b17647d4895c505ade3862c5e860",
                "reference": "26a7fcde7285b17647d4895c505ade3862c5e860",
                "shasum": ""
            },
            "require": {
                "php": "^5.3.10|~7.0",
                "psr/log": "~1.0"
            },
            "require-dev": {
                "joomla/coding-standards": "~2.0@alpha",
                "joomla/test": "~1.0",
                "phpunit/dbunit": "~1.3|~2.0",
                "phpunit/phpunit": "^4.8.35|^5.4.3"
            },
            "suggest": {
                "ext-mysqli": "To connect to a MySQL database via MySQLi",
                "ext-pdo": "To connect to a MySQL, Oracle, PostgreSQL, or SQLite database via PDO",
                "ext-pgsql": "To connect to a PostgreSQL database",
                "ext-sqlsrv": "To connect to a SQL Server database"
            },
            "type": "joomla-package",
            "extra": {
                "branch-alias": {
                    "dev-master": "1.x-dev"
                }
            },
            "autoload": {
                "psr-4": {
                    "Joomla\\Database\\": "src/"
                }
            },
            "notification-url": "https://packagist.org/downloads/",
            "license": [
                "GPL-2.0-or-later"
            ],
            "description": "Joomla Database Package",
            "homepage": "https://github.com/joomla-framework/database",
            "keywords": [
                "database",
                "framework",
                "joomla"
            ],
            "funding": [
                {
                    "url": "https://community.joomla.org/sponsorship-campaigns.html",
                    "type": "custom"
                },
                {
                    "url": "https://github.com/joomla",
                    "type": "github"
                }
            ],
            "time": "2020-12-16T12:10:55+00:00"
        },
        {
            "name": "joomla/filesystem",
            "version": "1.6.0",
            "source": {
                "type": "git",
                "url": "https://github.com/joomla-framework/filesystem.git",
                "reference": "d8801f18db358b0284675381ab4195acd028b420"
            },
            "dist": {
                "type": "zip",
                "url": "https://api.github.com/repos/joomla-framework/filesystem/zipball/d8801f18db358b0284675381ab4195acd028b420",
                "reference": "d8801f18db358b0284675381ab4195acd028b420",
                "shasum": ""
            },
            "require": {
                "php": "^5.3.10|~7.0"
            },
            "require-dev": {
                "joomla/coding-standards": "~2.0@alpha",
                "joomla/test": "~1.0",
                "mikey179/vfsstream": "~1.0",
                "paragonie/random_compat": "~1.0|~2.0",
                "phpunit/phpunit": "^4.8.35|^5.4.3|~6.0"
            },
            "suggest": {
                "paragonie/random_compat": "Required to use Joomla\\Filesystem\\Path::isOwner()"
            },
            "type": "joomla-package",
            "extra": {
                "branch-alias": {
                    "dev-master": "1.x-dev"
                }
            },
            "autoload": {
                "psr-4": {
                    "Joomla\\Filesystem\\": "src/"
                }
            },
            "notification-url": "https://packagist.org/downloads/",
            "license": [
                "GPL-2.0-or-later"
            ],
            "description": "Joomla Filesystem Package",
            "homepage": "https://github.com/joomla/joomla-framework-filesystem",
            "keywords": [
                "filesystem",
                "framework",
                "joomla"
            ],
            "time": "2020-09-02T09:05:23+00:00"
        },
        {
            "name": "joomla/filter",
            "version": "1.4.3",
            "source": {
                "type": "git",
                "url": "https://github.com/joomla-framework/filter.git",
                "reference": "ec9517655b0b72e8a3f7665a88f8b8f6e21eb480"
            },
            "dist": {
                "type": "zip",
                "url": "https://api.github.com/repos/joomla-framework/filter/zipball/ec9517655b0b72e8a3f7665a88f8b8f6e21eb480",
                "reference": "ec9517655b0b72e8a3f7665a88f8b8f6e21eb480",
                "shasum": ""
            },
            "require": {
                "joomla/string": "~1.3|~2.0",
                "php": "^5.3.10|~7.0"
            },
            "require-dev": {
                "joomla/coding-standards": "~2.0@alpha",
                "joomla/language": "~1.3",
                "phpunit/phpunit": "^4.8.35|^5.4.3|~6.0"
            },
            "suggest": {
                "joomla/language": "Required only if you want to use `OutputFilter::stringURLSafe`."
            },
            "type": "joomla-package",
            "extra": {
                "branch-alias": {
                    "dev-master": "1.x-dev"
                }
            },
            "autoload": {
                "psr-4": {
                    "Joomla\\Filter\\": "src/"
                }
            },
            "notification-url": "https://packagist.org/downloads/",
            "license": [
                "GPL-2.0-or-later"
            ],
            "description": "Joomla Filter Package",
            "homepage": "https://github.com/joomla-framework/filter",
            "keywords": [
                "filter",
                "framework",
                "joomla"
            ],
            "funding": [
                {
                    "url": "https://community.joomla.org/sponsorship-campaigns.html",
                    "type": "custom"
                },
                {
                    "url": "https://github.com/joomla",
                    "type": "github"
                }
            ],
            "time": "2021-02-01T01:43:30+00:00"
        },
        {
            "name": "joomla/http",
            "version": "1.3.3",
            "source": {
                "type": "git",
                "url": "https://github.com/joomla-framework/http.git",
                "reference": "128c3d410fd7327fb87839cd3e00ed0be2f71f9d"
            },
            "dist": {
                "type": "zip",
                "url": "https://api.github.com/repos/joomla-framework/http/zipball/128c3d410fd7327fb87839cd3e00ed0be2f71f9d",
                "reference": "128c3d410fd7327fb87839cd3e00ed0be2f71f9d",
                "shasum": ""
            },
            "require": {
                "composer/ca-bundle": "~1.0",
                "joomla/uri": "~1.0|~2.0",
                "php": "^5.3.10|~7.0"
            },
            "require-dev": {
                "joomla/coding-standards": "~2.0@alpha",
                "joomla/test": "~1.0",
                "phpunit/phpunit": "^4.8.35|^5.4.3|~6.0"
            },
            "suggest": {
                "ext-curl": "To use cURL for HTTP connections",
                "joomla/registry": "Registry can be used as an alternative to using an array for the package options."
            },
            "type": "joomla-package",
            "extra": {
                "branch-alias": {
                    "dev-master": "1.x-dev"
                }
            },
            "autoload": {
                "psr-4": {
                    "Joomla\\Http\\": "src/"
                }
            },
            "notification-url": "https://packagist.org/downloads/",
            "license": [
                "GPL-2.0-or-later"
            ],
            "description": "Joomla HTTP Package",
            "homepage": "https://github.com/joomla-framework/http",
            "keywords": [
                "framework",
                "http",
                "joomla"
            ],
            "time": "2019-03-10T15:31:03+00:00"
        },
        {
            "name": "joomla/input",
            "version": "1.4.0",
            "source": {
                "type": "git",
                "url": "https://github.com/joomla-framework/input.git",
                "reference": "a89927d412cdc8172889e3e0e3e66a134f367be1"
            },
            "dist": {
                "type": "zip",
                "url": "https://api.github.com/repos/joomla-framework/input/zipball/a89927d412cdc8172889e3e0e3e66a134f367be1",
                "reference": "a89927d412cdc8172889e3e0e3e66a134f367be1",
                "shasum": ""
            },
            "require": {
                "joomla/filter": "~1.0",
                "php": "^5.3.10|~7.0"
            },
            "require-dev": {
                "joomla/coding-standards": "~2.0@alpha",
                "joomla/test": "~1.0",
                "phpunit/phpunit": "^4.8.35|^5.4.3|~6.0"
            },
            "type": "joomla-package",
            "extra": {
                "branch-alias": {
                    "dev-master": "1.x-dev"
                }
            },
            "autoload": {
                "psr-4": {
                    "Joomla\\Input\\": "src/"
                }
            },
            "notification-url": "https://packagist.org/downloads/",
            "license": [
                "GPL-2.0-or-later"
            ],
            "description": "Joomla Input Package",
            "homepage": "https://github.com/joomla-framework/input",
            "keywords": [
                "framework",
                "input",
                "joomla"
            ],
            "time": "2019-06-15T22:13:58+00:00"
        },
        {
            "name": "joomla/registry",
            "version": "1.6.3",
            "source": {
                "type": "git",
                "url": "https://github.com/joomla-framework/registry.git",
                "reference": "51c08b18838aaf2104e38c3846e34b4706e83644"
            },
            "dist": {
                "type": "zip",
                "url": "https://api.github.com/repos/joomla-framework/registry/zipball/51c08b18838aaf2104e38c3846e34b4706e83644",
                "reference": "51c08b18838aaf2104e38c3846e34b4706e83644",
                "shasum": ""
            },
            "require": {
                "joomla/compat": "~1.0",
                "joomla/utilities": "^1.4.1|~2.0",
                "php": "^5.3.10|~7.0",
                "symfony/polyfill-php55": "~1.0"
            },
            "require-dev": {
                "joomla/coding-standards": "~2.0@alpha",
                "joomla/test": "~1.0",
                "phpunit/phpunit": "^4.8.35|^5.4.3|~6.0",
                "symfony/yaml": "~2.0|~3.0|~4.0|~5.0"
            },
            "suggest": {
                "symfony/yaml": "Install symfony/yaml if you require YAML support."
            },
            "type": "joomla-package",
            "extra": {
                "branch-alias": {
                    "dev-master": "1.x-dev"
                }
            },
            "autoload": {
                "psr-4": {
                    "Joomla\\Registry\\": "src/"
                }
            },
            "notification-url": "https://packagist.org/downloads/",
            "license": [
                "GPL-2.0-or-later"
            ],
            "description": "Joomla Registry Package",
            "homepage": "https://github.com/joomla-framework/registry",
            "keywords": [
                "framework",
                "joomla",
                "registry"
            ],
            "time": "2019-11-27T16:58:55+00:00"
        },
        {
            "name": "joomla/string",
            "version": "1.4.5",
            "source": {
                "type": "git",
                "url": "https://github.com/joomla-framework/string.git",
                "reference": "21269bfcddef4e676c6a1a49b7d959f896522a96"
            },
            "dist": {
                "type": "zip",
                "url": "https://api.github.com/repos/joomla-framework/string/zipball/21269bfcddef4e676c6a1a49b7d959f896522a96",
                "reference": "21269bfcddef4e676c6a1a49b7d959f896522a96",
                "shasum": ""
            },
            "require": {
                "php": "^5.3.10|~7.0"
            },
            "require-dev": {
                "joomla/coding-standards": "~2.0@alpha",
                "joomla/test": "~1.0",
                "phpunit/phpunit": "^4.8.35|^5.4.3|~6.0"
            },
            "suggest": {
                "ext-mbstring": "For improved processing"
            },
            "type": "joomla-package",
            "extra": {
                "branch-alias": {
                    "dev-master": "1.x-dev"
                }
            },
            "autoload": {
                "psr-4": {
                    "Joomla\\String\\": "src/"
                },
                "files": [
                    "src/phputf8/utf8.php",
                    "src/phputf8/ord.php",
                    "src/phputf8/str_ireplace.php",
                    "src/phputf8/str_pad.php",
                    "src/phputf8/str_split.php",
                    "src/phputf8/strcasecmp.php",
                    "src/phputf8/strcspn.php",
                    "src/phputf8/stristr.php",
                    "src/phputf8/strrev.php",
                    "src/phputf8/strspn.php",
                    "src/phputf8/trim.php",
                    "src/phputf8/ucfirst.php",
                    "src/phputf8/ucwords.php",
                    "src/phputf8/utils/ascii.php",
                    "src/phputf8/utils/validation.php"
                ]
            },
            "notification-url": "https://packagist.org/downloads/",
            "license": [
                "GPL-2.0-or-later"
            ],
            "description": "Joomla String Package",
            "homepage": "https://github.com/joomla-framework/string",
            "keywords": [
                "framework",
                "joomla",
                "string"
            ],
            "funding": [
                {
                    "url": "https://community.joomla.org/sponsorship-campaigns.html",
                    "type": "custom"
                },
                {
                    "url": "https://github.com/joomla",
                    "type": "github"
                }
            ],
            "time": "2020-10-07T08:01:44+00:00"
        },
        {
            "name": "joomla/uri",
            "version": "1.2.0",
            "source": {
                "type": "git",
                "url": "https://github.com/joomla-framework/uri.git",
                "reference": "848a31dc895a9c8c9d7ea67571d6a4dd634a9dc1"
            },
            "dist": {
                "type": "zip",
                "url": "https://api.github.com/repos/joomla-framework/uri/zipball/848a31dc895a9c8c9d7ea67571d6a4dd634a9dc1",
                "reference": "848a31dc895a9c8c9d7ea67571d6a4dd634a9dc1",
                "shasum": ""
            },
            "require": {
                "php": "^5.3.10|~7.0"
            },
            "require-dev": {
                "joomla/coding-standards": "~2.0@alpha",
                "joomla/test": "~1.0",
                "phpunit/phpunit": "^4.8.35|^5.4.3|~6.0"
            },
            "type": "joomla-package",
            "extra": {
                "branch-alias": {
                    "dev-master": "1.x-dev"
                }
            },
            "autoload": {
                "psr-4": {
                    "Joomla\\Uri\\": "src/"
                }
            },
            "notification-url": "https://packagist.org/downloads/",
            "license": [
                "GPL-2.0-or-later"
            ],
            "description": "Joomla Uri Package",
            "homepage": "https://github.com/joomla-framework/uri",
            "keywords": [
                "framework",
                "joomla",
                "uri"
            ],
            "time": "2018-07-01T00:12:15+00:00"
        },
        {
            "name": "joomla/utilities",
            "version": "1.6.2",
            "source": {
                "type": "git",
                "url": "https://github.com/joomla-framework/utilities.git",
                "reference": "9f7d9fda537ca005f7467de68f92506d48f348f5"
            },
            "dist": {
                "type": "zip",
                "url": "https://api.github.com/repos/joomla-framework/utilities/zipball/9f7d9fda537ca005f7467de68f92506d48f348f5",
                "reference": "9f7d9fda537ca005f7467de68f92506d48f348f5",
                "shasum": ""
            },
            "require": {
                "joomla/string": "~1.3|~2.0",
                "php": "^5.3.10|~7.0|^8.0"
            },
            "require-dev": {
                "joomla/coding-standards": "~2.0@alpha",
                "phpunit/phpunit": "^4.8.35|^5.4.3|~6.0|^7.0|^8.0"
            },
            "type": "joomla-package",
            "extra": {
                "branch-alias": {
                    "dev-master": "1.x-dev"
                }
            },
            "autoload": {
                "psr-4": {
                    "Joomla\\Utilities\\": "src/"
                }
            },
            "notification-url": "https://packagist.org/downloads/",
            "license": [
                "GPL-2.0-or-later"
            ],
            "description": "Joomla Utilities Package",
            "homepage": "https://github.com/joomla-framework/utilities",
            "keywords": [
                "framework",
                "joomla",
                "utilities"
            ],
            "funding": [
                {
                    "url": "https://community.joomla.org/sponsorship-campaigns.html",
                    "type": "custom"
                },
                {
                    "url": "https://github.com/joomla",
                    "type": "github"
                }
            ],
            "time": "2021-06-02T21:39:39+00:00"
        },
        {
            "name": "psr/log",
            "version": "1.1.4",
            "source": {
                "type": "git",
                "url": "https://github.com/php-fig/log.git",
                "reference": "d49695b909c3b7628b6289db5479a1c204601f11"
            },
            "dist": {
                "type": "zip",
                "url": "https://api.github.com/repos/php-fig/log/zipball/d49695b909c3b7628b6289db5479a1c204601f11",
                "reference": "d49695b909c3b7628b6289db5479a1c204601f11",
                "shasum": ""
            },
            "require": {
                "php": ">=5.3.0"
            },
            "type": "library",
            "extra": {
                "branch-alias": {
                    "dev-master": "1.1.x-dev"
                }
            },
            "autoload": {
                "psr-4": {
                    "Psr\\Log\\": "Psr/Log/"
                }
            },
            "notification-url": "https://packagist.org/downloads/",
            "license": [
                "MIT"
            ],
            "authors": [
                {
                    "name": "PHP-FIG",
                    "homepage": "https://www.php-fig.org/"
                }
            ],
            "description": "Common interface for logging libraries",
            "homepage": "https://github.com/php-fig/log",
            "keywords": [
                "log",
                "psr",
                "psr-3"
            ],
            "time": "2021-05-03T11:20:27+00:00"
        },
        {
            "name": "symfony/polyfill-php55",
            "version": "v1.20.0",
            "source": {
                "type": "git",
                "url": "https://github.com/symfony/polyfill-php55.git",
                "reference": "c17452124a883900e1d73961f9075a638399c1a0"
            },
            "dist": {
                "type": "zip",
                "url": "https://api.github.com/repos/symfony/polyfill-php55/zipball/c17452124a883900e1d73961f9075a638399c1a0",
                "reference": "c17452124a883900e1d73961f9075a638399c1a0",
                "shasum": ""
            },
            "require": {
                "php": ">=7.1"
            },
            "type": "metapackage",
            "extra": {
                "branch-alias": {
                    "dev-main": "1.20-dev"
                },
                "thanks": {
                    "name": "symfony/polyfill",
                    "url": "https://github.com/symfony/polyfill"
                }
            },
            "notification-url": "https://packagist.org/downloads/",
            "license": [
                "MIT"
            ],
            "authors": [
                {
                    "name": "Nicolas Grekas",
                    "email": "p@tchwork.com"
                },
                {
                    "name": "Symfony Community",
                    "homepage": "https://symfony.com/contributors"
                }
            ],
            "description": "Symfony polyfill backporting some PHP 5.5+ features to lower PHP versions",
            "homepage": "https://symfony.com",
            "keywords": [
                "compatibility",
                "polyfill",
                "portable",
                "shim"
            ],
            "funding": [
                {
                    "url": "https://symfony.com/sponsor",
                    "type": "custom"
                },
                {
                    "url": "https://github.com/fabpot",
                    "type": "github"
                },
                {
                    "url": "https://tidelift.com/funding/github/packagist/symfony/symfony",
                    "type": "tidelift"
                }
            ],
            "time": "2020-10-23T14:02:19+00:00"
        }
    ],
    "packages-dev": [],
    "aliases": [],
    "minimum-stability": "stable",
    "stability-flags": [],
    "prefer-stable": false,
    "prefer-lowest": false,
    "platform": [],
    "platform-dev": [],
    "plugin-api-version": "1.1.0"
}
